
Microsoft Visual Studio Solution File, Format Version 12.00
# Visual Studio Version 16
VisualStudioVersion = 16.0.810.23
MinimumVisualStudioVersion = 10.0.40219.1
Project("{FAE04EC0-301F-11D3-BF4B-00C04F79EFBC}") = "CameraApp", "CameraApp\CameraApp.csproj", "{CCDC6822-EE09-48D6-A5CA-68AAA6BB345D}"
EndProject
Project("{FAE04EC0-301F-11D3-BF4B-00C04F79EFBC}") = "AzureCVCamera", "AzureCVCamera\AzureCVCamera.csproj", "{BF8B0252-D094-4013-95B0-0591CD503A41}"
EndProject
Project("{FAE04EC0-301F-11D3-BF4B-00C04F79EFBC}") = "Meuzz.Android.Utils.Camera", "Meuzz.Android.Utils.Camera\Meuzz.Android.Utils.Camera.csproj", "{F6C7D5DF-6DE6-46FF-BED2-6397D3142313}"
EndProject
Global
	GlobalSection(SolutionConfigurationPlatforms) = preSolution
		Debug|Any CPU = Debug|Any CPU
		Release|Any CPU = Release|Any CPU
	EndGlobalSection
	GlobalSection(ProjectConfigurationPlatforms) = postSolution
		{CCDC6822-EE09-48D6-A5CA-68AAA6BB345D}.Debug|Any CPU.ActiveCfg = Debug|Any CPU
		{CCDC6822-EE09-48D6-A5CA-68AAA6BB345D}.Debug|Any CPU.Build.0 = Debug|Any CPU
		{CCDC6822-EE09-48D6-A5CA-68AAA6BB345D}.Release|Any CPU.ActiveCfg = Release|Any CPU
		{CCDC6822-EE09-48D6-A5CA-68AAA6BB345D}.Release|Any CPU.Build.0 = Release|Any CPU
		{BF8B0252-D094-4013-95B0-0591CD503A41}.Debug|Any CPU.ActiveCfg = Debug|Any CPU
		{BF8B0252-D094-4013-95B0-0591CD503A41}.Debug|Any CPU.Build.0 = Debug|Any CPU
		{BF8B0252-D094-4013-95B0-0591CD503A41}.Release|Any CPU.ActiveCfg = Release|Any CPU
		{BF8B0252-D094-4013-95B0-0591CD503A41}.Release|Any CPU.Build.0 = Release|Any CPU
		{F6C7D5DF-6DE6-46FF-BED2-6397D3142313}.Debug|Any CPU.ActiveCfg = Debug|Any CPU
		{F6C7D5DF-6DE6-46FF-BED2-6397D3142313}.Debug|Any CPU.Build.0 = Debug|Any CPU
		{F6C7D5DF-6DE6-46FF-BED2-6397D3142313}.Release|Any CPU.ActiveCfg = Release|Any CPU
		{F6C7D5DF-6DE6-46FF-BED2-6397D3142313}.Release|Any CPU.Build.0 = Release|Any CPU
	EndGlobalSection
	GlobalSection(SolutionProperties) = preSolution
		HideSolutionNode = FALSE
	EndGlobalSection
	GlobalSection(ExtensibilityGlobals) = postSolution
		SolutionGuid = {65A3A31C-16AC-4377-A0CE-94E0EC3EFE62}
	EndGlobalSection
EndGlobal
