
Microsoft Visual Studio Solution File, Format Version 12.00
# Visual Studio Version 16
VisualStudioVersion = 16.0.810.23
MinimumVisualStudioVersion = 10.0.40219.1
Project("{FAE04EC0-301F-11D3-BF4B-00C04F79EFBC}") = "CameraApp", "CameraApp\CameraApp.csproj", "{3A0C584B-66B6-4B0B-AB65-7366F68FFA4A}"
EndProject
Global
	GlobalSection(SolutionConfigurationPlatforms) = preSolution
		Debug|Any CPU = Debug|Any CPU
		Release|Any CPU = Release|Any CPU
	EndGlobalSection
	GlobalSection(ProjectConfigurationPlatforms) = postSolution
		{3A0C584B-66B6-4B0B-AB65-7366F68FFA4A}.Debug|Any CPU.ActiveCfg = Debug|Any CPU
		{3A0C584B-66B6-4B0B-AB65-7366F68FFA4A}.Debug|Any CPU.Build.0 = Debug|Any CPU
		{3A0C584B-66B6-4B0B-AB65-7366F68FFA4A}.Release|Any CPU.ActiveCfg = Release|Any CPU
		{3A0C584B-66B6-4B0B-AB65-7366F68FFA4A}.Release|Any CPU.Build.0 = Release|Any CPU
	EndGlobalSection
	GlobalSection(SolutionProperties) = preSolution
		HideSolutionNode = FALSE
	EndGlobalSection
	GlobalSection(ExtensibilityGlobals) = postSolution
		SolutionGuid = {01A98486-99FE-4880-84AF-ECA6A203AE09}
	EndGlobalSection
EndGlobal
